
Microsoft Visual Studio Solution File, Format Version 12.00
# Visual Studio Version 16
VisualStudioVersion = 16.0.30104.148
MinimumVisualStudioVersion = 10.0.40219.1
Project("{FAE04EC0-301F-11D3-BF4B-00C04F79EFBC}") = "Launcher.Parent", "Launcher.Parent\Launcher.Parent.csproj", "{2418A9FE-7DCF-4C75-A77A-D640F34EC12D}"
EndProject
Project("{FAE04EC0-301F-11D3-BF4B-00C04F79EFBC}") = "Launcher.Child", "Launcher.Child\Launcher.Child.csproj", "{A4B4E982-DFFD-4533-8D49-8B8DA67FF070}"
EndProject
Global
	GlobalSection(SolutionConfigurationPlatforms) = preSolution
		Debug|Any CPU = Debug|Any CPU
		Release|Any CPU = Release|Any CPU
	EndGlobalSection
	GlobalSection(ProjectConfigurationPlatforms) = postSolution
		{2418A9FE-7DCF-4C75-A77A-D640F34EC12D}.Debug|Any CPU.ActiveCfg = Debug|Any CPU
		{2418A9FE-7DCF-4C75-A77A-D640F34EC12D}.Debug|Any CPU.Build.0 = Debug|Any CPU
		{2418A9FE-7DCF-4C75-A77A-D640F34EC12D}.Release|Any CPU.ActiveCfg = Release|Any CPU
		{2418A9FE-7DCF-4C75-A77A-D640F34EC12D}.Release|Any CPU.Build.0 = Release|Any CPU
		{A4B4E982-DFFD-4533-8D49-8B8DA67FF070}.Debug|Any CPU.ActiveCfg = Debug|Any CPU
		{A4B4E982-DFFD-4533-8D49-8B8DA67FF070}.Debug|Any CPU.Build.0 = Debug|Any CPU
		{A4B4E982-DFFD-4533-8D49-8B8DA67FF070}.Release|Any CPU.ActiveCfg = Release|Any CPU
		{A4B4E982-DFFD-4533-8D49-8B8DA67FF070}.Release|Any CPU.Build.0 = Release|Any CPU
	EndGlobalSection
	GlobalSection(SolutionProperties) = preSolution
		HideSolutionNode = FALSE
	EndGlobalSection
	GlobalSection(ExtensibilityGlobals) = postSolution
		SolutionGuid = {1BB4D605-7E93-4980-B6C5-34526537DFEC}
	EndGlobalSection
EndGlobal
